
Microsoft Visual Studio Solution File, Format Version 12.00
# Visual Studio Version 17
VisualStudioVersion = 17.14.36401.2 d17.14
MinimumVisualStudioVersion = 10.0.40219.1
Project("{FAE04EC0-301F-11D3-BF4B-00C04F79EFBC}") = "ScrumBoardBackend", "ScrumBoardBackend.csproj", "{CA8C051A-E5AA-FAC2-5CE4-00406A1E458E}"
EndProject
Project("{FAE04EC0-301F-11D3-BF4B-00C04F79EFBC}") = "ScrumBoardBackend.Test", "..\ScrumBoardBackend.Test\ScrumBoardBackend.Test.csproj", "{03F1644A-CB20-30B9-89E7-4E4270826A62}"
EndProject
Global
	GlobalSection(SolutionConfigurationPlatforms) = preSolution
		Debug|Any CPU = Debug|Any CPU
		Release|Any CPU = Release|Any CPU
	EndGlobalSection
	GlobalSection(ProjectConfigurationPlatforms) = postSolution
		{CA8C051A-E5AA-FAC2-5CE4-00406A1E458E}.Debug|Any CPU.ActiveCfg = Debug|Any CPU
		{CA8C051A-E5AA-FAC2-5CE4-00406A1E458E}.Debug|Any CPU.Build.0 = Debug|Any CPU
		{CA8C051A-E5AA-FAC2-5CE4-00406A1E458E}.Release|Any CPU.ActiveCfg = Release|Any CPU
		{CA8C051A-E5AA-FAC2-5CE4-00406A1E458E}.Release|Any CPU.Build.0 = Release|Any CPU
		{03F1644A-CB20-30B9-89E7-4E4270826A62}.Debug|Any CPU.ActiveCfg = Debug|Any CPU
		{03F1644A-CB20-30B9-89E7-4E4270826A62}.Debug|Any CPU.Build.0 = Debug|Any CPU
		{03F1644A-CB20-30B9-89E7-4E4270826A62}.Release|Any CPU.ActiveCfg = Release|Any CPU
		{03F1644A-CB20-30B9-89E7-4E4270826A62}.Release|Any CPU.Build.0 = Release|Any CPU
	EndGlobalSection
	GlobalSection(SolutionProperties) = preSolution
		HideSolutionNode = FALSE
	EndGlobalSection
	GlobalSection(ExtensibilityGlobals) = postSolution
		SolutionGuid = {4E22195D-F48A-462E-B03D-967FCF81EADE}
	EndGlobalSection
EndGlobal
